
Microsoft Visual Studio Solution File, Format Version 12.00
# Visual Studio Version 17
VisualStudioVersion = 17.6.33712.159
MinimumVisualStudioVersion = 10.0.40219.1
Project("{2150E333-8FDC-42A3-9474-1A3956D46DE8}") = "BankingAccount", "BankingAccount", "{158FAE41-2D4F-4539-9969-EA1064B46358}"
EndProject
Project("{2150E333-8FDC-42A3-9474-1A3956D46DE8}") = "Microservices", "Microservices", "{7358BEFE-2A3D-4BBE-AD6F-20F4F992EC6E}"
EndProject
Project("{2150E333-8FDC-42A3-9474-1A3956D46DE8}") = "CQRS", "CQRS", "{5E7221A4-A863-4E4B-92C9-71D6B051D1AA}"
EndProject
Project("{2150E333-8FDC-42A3-9474-1A3956D46DE8}") = "Command", "Command", "{93F012E1-82BA-4152-A05F-F62402CE2AD7}"
EndProject
Project("{2150E333-8FDC-42A3-9474-1A3956D46DE8}") = "Query", "Query", "{29A4107B-6B21-42EC-82DD-87878B4C0ED6}"
EndProject
Project("{9A19103F-16F7-4668-BE54-9A1E7A4F7556}") = "Banking.Cqrs.Core", "Banking.Cqrs.Core\Banking.Cqrs.Core.csproj", "{F44BA4DA-2F0A-431A-BF3F-B120807F78FA}"
EndProject
Project("{2150E333-8FDC-42A3-9474-1A3956D46DE8}") = "Api", "Api", "{997BC2C8-C27D-4E7B-BA3A-EB0C2D1BEB30}"
EndProject
Project("{2150E333-8FDC-42A3-9474-1A3956D46DE8}") = "Aplication", "Aplication", "{A9CCBDC0-783C-40DC-864A-B64AB623312B}"
EndProject
Project("{2150E333-8FDC-42A3-9474-1A3956D46DE8}") = "Domain", "Domain", "{11750A24-74DA-4034-B14B-F6FF9A5FCA09}"
EndProject
Project("{2150E333-8FDC-42A3-9474-1A3956D46DE8}") = "Infrastucture", "Infrastucture", "{E71586F4-9D33-4F57-8FC9-0C195CC357E7}"
EndProject
Project("{9A19103F-16F7-4668-BE54-9A1E7A4F7556}") = "Banking.Account.Command.Domain", "Banking.Account.Command.Domain\Banking.Account.Command.Domain.csproj", "{1CAC5EB2-8C8F-49AA-AAA9-1BED9DF3470F}"
EndProject
Project("{9A19103F-16F7-4668-BE54-9A1E7A4F7556}") = "Banking.Account.Command.Aplication", "Banking.Account.Command.Aplication\Banking.Account.Command.Aplication.csproj", "{69180821-A5DB-431F-967E-C99F5142C089}"
EndProject
Project("{9A19103F-16F7-4668-BE54-9A1E7A4F7556}") = "Banking.Account.Command.Infrastucture", "Banking.Account.Command.Infrastucture\Banking.Account.Command.Infrastucture.csproj", "{F71D30DD-C9DF-4893-B244-4B28CE33255E}"
EndProject
Project("{FAE04EC0-301F-11D3-BF4B-00C04F79EFBC}") = "Banking.Account.Command.Api", "Banking.Account.Command.Api\Banking.Account.Command.Api.csproj", "{0498292C-B45B-4AD9-9A34-1F3F251646D6}"
EndProject
Global
	GlobalSection(SolutionConfigurationPlatforms) = preSolution
		Debug|Any CPU = Debug|Any CPU
		Release|Any CPU = Release|Any CPU
	EndGlobalSection
	GlobalSection(ProjectConfigurationPlatforms) = postSolution
		{F44BA4DA-2F0A-431A-BF3F-B120807F78FA}.Debug|Any CPU.ActiveCfg = Debug|Any CPU
		{F44BA4DA-2F0A-431A-BF3F-B120807F78FA}.Debug|Any CPU.Build.0 = Debug|Any CPU
		{F44BA4DA-2F0A-431A-BF3F-B120807F78FA}.Release|Any CPU.ActiveCfg = Release|Any CPU
		{F44BA4DA-2F0A-431A-BF3F-B120807F78FA}.Release|Any CPU.Build.0 = Release|Any CPU
		{1CAC5EB2-8C8F-49AA-AAA9-1BED9DF3470F}.Debug|Any CPU.ActiveCfg = Debug|Any CPU
		{1CAC5EB2-8C8F-49AA-AAA9-1BED9DF3470F}.Debug|Any CPU.Build.0 = Debug|Any CPU
		{1CAC5EB2-8C8F-49AA-AAA9-1BED9DF3470F}.Release|Any CPU.ActiveCfg = Release|Any CPU
		{1CAC5EB2-8C8F-49AA-AAA9-1BED9DF3470F}.Release|Any CPU.Build.0 = Release|Any CPU
		{69180821-A5DB-431F-967E-C99F5142C089}.Debug|Any CPU.ActiveCfg = Debug|Any CPU
		{69180821-A5DB-431F-967E-C99F5142C089}.Debug|Any CPU.Build.0 = Debug|Any CPU
		{69180821-A5DB-431F-967E-C99F5142C089}.Release|Any CPU.ActiveCfg = Release|Any CPU
		{69180821-A5DB-431F-967E-C99F5142C089}.Release|Any CPU.Build.0 = Release|Any CPU
		{F71D30DD-C9DF-4893-B244-4B28CE33255E}.Debug|Any CPU.ActiveCfg = Debug|Any CPU
		{F71D30DD-C9DF-4893-B244-4B28CE33255E}.Debug|Any CPU.Build.0 = Debug|Any CPU
		{F71D30DD-C9DF-4893-B244-4B28CE33255E}.Release|Any CPU.ActiveCfg = Release|Any CPU
		{F71D30DD-C9DF-4893-B244-4B28CE33255E}.Release|Any CPU.Build.0 = Release|Any CPU
		{0498292C-B45B-4AD9-9A34-1F3F251646D6}.Debug|Any CPU.ActiveCfg = Debug|Any CPU
		{0498292C-B45B-4AD9-9A34-1F3F251646D6}.Debug|Any CPU.Build.0 = Debug|Any CPU
		{0498292C-B45B-4AD9-9A34-1F3F251646D6}.Release|Any CPU.ActiveCfg = Release|Any CPU
		{0498292C-B45B-4AD9-9A34-1F3F251646D6}.Release|Any CPU.Build.0 = Release|Any CPU
	EndGlobalSection
	GlobalSection(SolutionProperties) = preSolution
		HideSolutionNode = FALSE
	EndGlobalSection
	GlobalSection(NestedProjects) = preSolution
		{7358BEFE-2A3D-4BBE-AD6F-20F4F992EC6E} = {158FAE41-2D4F-4539-9969-EA1064B46358}
		{93F012E1-82BA-4152-A05F-F62402CE2AD7} = {7358BEFE-2A3D-4BBE-AD6F-20F4F992EC6E}
		{29A4107B-6B21-42EC-82DD-87878B4C0ED6} = {7358BEFE-2A3D-4BBE-AD6F-20F4F992EC6E}
		{F44BA4DA-2F0A-431A-BF3F-B120807F78FA} = {5E7221A4-A863-4E4B-92C9-71D6B051D1AA}
		{997BC2C8-C27D-4E7B-BA3A-EB0C2D1BEB30} = {93F012E1-82BA-4152-A05F-F62402CE2AD7}
		{A9CCBDC0-783C-40DC-864A-B64AB623312B} = {93F012E1-82BA-4152-A05F-F62402CE2AD7}
		{11750A24-74DA-4034-B14B-F6FF9A5FCA09} = {93F012E1-82BA-4152-A05F-F62402CE2AD7}
		{E71586F4-9D33-4F57-8FC9-0C195CC357E7} = {93F012E1-82BA-4152-A05F-F62402CE2AD7}
		{1CAC5EB2-8C8F-49AA-AAA9-1BED9DF3470F} = {11750A24-74DA-4034-B14B-F6FF9A5FCA09}
		{69180821-A5DB-431F-967E-C99F5142C089} = {A9CCBDC0-783C-40DC-864A-B64AB623312B}
		{F71D30DD-C9DF-4893-B244-4B28CE33255E} = {E71586F4-9D33-4F57-8FC9-0C195CC357E7}
		{0498292C-B45B-4AD9-9A34-1F3F251646D6} = {997BC2C8-C27D-4E7B-BA3A-EB0C2D1BEB30}
	EndGlobalSection
	GlobalSection(ExtensibilityGlobals) = postSolution
		SolutionGuid = {6075A0DB-5909-41DE-A024-54F59583EA3C}
	EndGlobalSection
EndGlobal
